// !$*UTF8*$!
{
	archiveVersion = 1;
	classes = {
	};
	objectVersion = 50;
	objects = {

/* Begin PBXBuildFile section */
		5D023CDF25E1AFAA003B04CD /* CDGameCollection.swift in Sources */ = {isa = PBXBuildFile; fileRef = 5D023CDE25E1AFAA003B04CD /* CDGameCollection.swift */; };
		5D0AA4D625DBD90A0026543E /* ImageResizer.swift in Sources */ = {isa = PBXBuildFile; fileRef = 5D0AA4D525DBD90A0026543E /* ImageResizer.swift */; };
		5D0AA4D925DBE7750026543E /* FilterViewController.swift in Sources */ = {isa = PBXBuildFile; fileRef = 5D0AA4D825DBE7750026543E /* FilterViewController.swift */; };
		5D33CBF225EE0FE300377372 /* FIFO.swift in Sources */ = {isa = PBXBuildFile; fileRef = 5D33CBF125EE0FE300377372 /* FIFO.swift */; };
		5D33CBF525EE10D000377372 /* LinkedList.swift in Sources */ = {isa = PBXBuildFile; fileRef = 5D33CBF425EE10D000377372 /* LinkedList.swift */; };
		5D530EF925D7E44300DF5621 /* AppDelegate.swift in Sources */ = {isa = PBXBuildFile; fileRef = 5D530EF825D7E44300DF5621 /* AppDelegate.swift */; };
		5D530EFB25D7E44300DF5621 /* SceneDelegate.swift in Sources */ = {isa = PBXBuildFile; fileRef = 5D530EFA25D7E44300DF5621 /* SceneDelegate.swift */; };
		5D530EFD25D7E44300DF5621 /* SearchViewController.swift in Sources */ = {isa = PBXBuildFile; fileRef = 5D530EFC25D7E44300DF5621 /* SearchViewController.swift */; };
		5D530F0025D7E44300DF5621 /* Main.storyboard in Resources */ = {isa = PBXBuildFile; fileRef = 5D530EFE25D7E44300DF5621 /* Main.storyboard */; };
		5D530F0225D7E44300DF5621 /* Assets.xcassets in Resources */ = {isa = PBXBuildFile; fileRef = 5D530F0125D7E44300DF5621 /* Assets.xcassets */; };
		5D530F0525D7E44300DF5621 /* LaunchScreen.storyboard in Resources */ = {isa = PBXBuildFile; fileRef = 5D530F0325D7E44300DF5621 /* LaunchScreen.storyboard */; };
		5D530F0E25D7E45400DF5621 /* DataLoader.swift in Sources */ = {isa = PBXBuildFile; fileRef = 5D530F0D25D7E45400DF5621 /* DataLoader.swift */; };
		5D530F1E25D8067600DF5621 /* RequestFormer.swift in Sources */ = {isa = PBXBuildFile; fileRef = 5D530F1D25D8067600DF5621 /* RequestFormer.swift */; };
		5D530F2125D8080100DF5621 /* SearchFilter.swift in Sources */ = {isa = PBXBuildFile; fileRef = 5D530F2025D8080100DF5621 /* SearchFilter.swift */; };
		5D530F2525D80DD500DF5621 /* JsonLoader.swift in Sources */ = {isa = PBXBuildFile; fileRef = 5D530F2425D80DD500DF5621 /* JsonLoader.swift */; };
		5D530F2825D8140E00DF5621 /* TabBarController.swift in Sources */ = {isa = PBXBuildFile; fileRef = 5D530F2725D8140E00DF5621 /* TabBarController.swift */; };
		5D530F2B25D8144000DF5621 /* FavoritesViewController.swift in Sources */ = {isa = PBXBuildFile; fileRef = 5D530F2A25D8144000DF5621 /* FavoritesViewController.swift */; };
		5D530F2E25D8148A00DF5621 /* SettingsViewController.swift in Sources */ = {isa = PBXBuildFile; fileRef = 5D530F2D25D8148A00DF5621 /* SettingsViewController.swift */; };
		5D530F3325D828A000DF5621 /* GameCardCell.swift in Sources */ = {isa = PBXBuildFile; fileRef = 5D530F3225D828A000DF5621 /* GameCardCell.swift */; };
		5D530F3625D82ECE00DF5621 /* DetailedViewController.swift in Sources */ = {isa = PBXBuildFile; fileRef = 5D530F3525D82ECE00DF5621 /* DetailedViewController.swift */; };
		5D530F3A25D8595200DF5621 /* WaterfallCollectionViewLayout.swift in Sources */ = {isa = PBXBuildFile; fileRef = 5D530F3925D8595200DF5621 /* WaterfallCollectionViewLayout.swift */; };
		5DA6099325E50DA400F7B814 /* LabelFlowView.swift in Sources */ = {isa = PBXBuildFile; fileRef = 5DA6099225E50DA400F7B814 /* LabelFlowView.swift */; };
		5DB1EF2225E42EC400E39282 /* RequestFields.swift in Sources */ = {isa = PBXBuildFile; fileRef = 5DB1EF2125E42EC400E39282 /* RequestFields.swift */; };
		5DB4472F25ED0BE500C1663B /* CustomButton.swift in Sources */ = {isa = PBXBuildFile; fileRef = 5DB4472E25ED0BE500C1663B /* CustomButton.swift */; };
		5DBC88C125E4E6A30048985E /* Collection+Identifiable+Int.swift in Sources */ = {isa = PBXBuildFile; fileRef = 5DBC88C025E4E6A30048985E /* Collection+Identifiable+Int.swift */; };
		5DBDC79925E2BAA6003AA46F /* GameAttributeView.swift in Sources */ = {isa = PBXBuildFile; fileRef = 5DBDC79825E2BAA6003AA46F /* GameAttributeView.swift */; };
		5DCCCBB125E908EB007690B9 /* GameBrowserDelegate.swift in Sources */ = {isa = PBXBuildFile; fileRef = 5DCCCBB025E908EB007690B9 /* GameBrowserDelegate.swift */; };
		5DCCCBB725E90BA4007690B9 /* CellContentView.xib in Resources */ = {isa = PBXBuildFile; fileRef = 5DCCCBB625E90BA4007690B9 /* CellContentView.xib */; };
		5DCCCBBA25E90D4C007690B9 /* CellContentView.swift in Sources */ = {isa = PBXBuildFile; fileRef = 5DCCCBB925E90D4C007690B9 /* CellContentView.swift */; };
		5DD5EFF525DCE6F8000513BB /* Model.xcdatamodeld in Sources */ = {isa = PBXBuildFile; fileRef = 5DD5EFF325DCE6F8000513BB /* Model.xcdatamodeld */; };
		5DDA01AB25DAFBF300FF2C1C /* CacheManager.swift in Sources */ = {isa = PBXBuildFile; fileRef = 5DDA01AA25DAFBF300FF2C1C /* CacheManager.swift */; };
		5DDA01AE25DAFD7E00FF2C1C /* GameMediaDispatcher.swift in Sources */ = {isa = PBXBuildFile; fileRef = 5DDA01AD25DAFD7E00FF2C1C /* GameMediaDispatcher.swift */; };
		5DDA01B425DB157400FF2C1C /* BinarySearch.swift in Sources */ = {isa = PBXBuildFile; fileRef = 5DDA01B325DB157400FF2C1C /* BinarySearch.swift */; };
		5DDEC95725E7A39F00D52E86 /* DoubleSlider.swift in Sources */ = {isa = PBXBuildFile; fileRef = 5DDEC95625E7A39F00D52E86 /* DoubleSlider.swift */; };
		5DE071CF25E91FB300526BE8 /* GameBrowserViewController.swift in Sources */ = {isa = PBXBuildFile; fileRef = 5DE071CE25E91FB300526BE8 /* GameBrowserViewController.swift */; };
		5DE47E1025E63AA900439FB7 /* CommonButton.xib in Resources */ = {isa = PBXBuildFile; fileRef = 5DE47E0F25E63AA900439FB7 /* CommonButton.xib */; };
		5DE47E1325E63B6F00439FB7 /* CommonButton.swift in Sources */ = {isa = PBXBuildFile; fileRef = 5DE47E1225E63B6F00439FB7 /* CommonButton.swift */; };
		5DE47E1625E6402B00439FB7 /* genres.json in Resources */ = {isa = PBXBuildFile; fileRef = 5DE47E1525E6402B00439FB7 /* genres.json */; };
		5DE47E1925E6404800439FB7 /* platforms.json in Resources */ = {isa = PBXBuildFile; fileRef = 5DE47E1825E6404800439FB7 /* platforms.json */; };
		5DE47E1C25E640BC00439FB7 /* themes.json in Resources */ = {isa = PBXBuildFile; fileRef = 5DE47E1B25E640BC00439FB7 /* themes.json */; };
		5DE47E2125E696C900439FB7 /* mainPlatforms.json in Resources */ = {isa = PBXBuildFile; fileRef = 5DE47E2025E696C900439FB7 /* mainPlatforms.json */; };
		5DE8E84F25E16F5A00471078 /* MainModel.swift in Sources */ = {isa = PBXBuildFile; fileRef = 5DE8E84E25E16F5A00471078 /* MainModel.swift */; };
		5DE9937125E56A08004AB0B1 /* CategoryShowButton.swift in Sources */ = {isa = PBXBuildFile; fileRef = 5DE9937025E56A08004AB0B1 /* CategoryShowButton.swift */; };
		5DE9937425E575B9004AB0B1 /* CategoryShowButton.xib in Resources */ = {isa = PBXBuildFile; fileRef = 5DE9937325E575B9004AB0B1 /* CategoryShowButton.xib */; };
		5DE9937725E581F7004AB0B1 /* View+.swift in Sources */ = {isa = PBXBuildFile; fileRef = 5DE9937625E581F7004AB0B1 /* View+.swift */; };
		5DEB7B4225EBB19B0087FF67 /* FavoriteGameCardCell.swift in Sources */ = {isa = PBXBuildFile; fileRef = 5DEB7B4125EBB19B0087FF67 /* FavoriteGameCardCell.swift */; };
		5DF307BF25E027B10052433C /* ImageBlurrer.swift in Sources */ = {isa = PBXBuildFile; fileRef = 5DF307BE25E027B10052433C /* ImageBlurrer.swift */; };
		5DF70BD725EF710900B99E31 /* StaticMediaCell.swift in Sources */ = {isa = PBXBuildFile; fileRef = 5DF70BD625EF710900B99E31 /* StaticMediaCell.swift */; };
		5DF85F1F25E1A31700359227 /* CDGame.swift in Sources */ = {isa = PBXBuildFile; fileRef = 5DF85F1E25E1A31700359227 /* CDGame.swift */; };
		5DF85F2225E1A61900359227 /* CDCover.swift in Sources */ = {isa = PBXBuildFile; fileRef = 5DF85F2125E1A61900359227 /* CDCover.swift */; };
		5DF85F2525E1A62000359227 /* CDGenre.swift in Sources */ = {isa = PBXBuildFile; fileRef = 5DF85F2425E1A62000359227 /* CDGenre.swift */; };
		5DF85F2825E1A63700359227 /* CDTheme.swift in Sources */ = {isa = PBXBuildFile; fileRef = 5DF85F2725E1A63700359227 /* CDTheme.swift */; };
		5DF85F2B25E1A64000359227 /* CDPlatform.swift in Sources */ = {isa = PBXBuildFile; fileRef = 5DF85F2A25E1A64000359227 /* CDPlatform.swift */; };
		5DF85F2E25E1A64700359227 /* CDGameMode.swift in Sources */ = {isa = PBXBuildFile; fileRef = 5DF85F2D25E1A64700359227 /* CDGameMode.swift */; };
		5DF85F3125E1A64E00359227 /* CDWebsite.swift in Sources */ = {isa = PBXBuildFile; fileRef = 5DF85F3025E1A64E00359227 /* CDWebsite.swift */; };
		5DF85F3425E1A65800359227 /* CDArtwork.swift in Sources */ = {isa = PBXBuildFile; fileRef = 5DF85F3325E1A65800359227 /* CDArtwork.swift */; };
		5DF85F3725E1A66000359227 /* CDScreenshot.swift in Sources */ = {isa = PBXBuildFile; fileRef = 5DF85F3625E1A66000359227 /* CDScreenshot.swift */; };
		5DF85F3A25E1A66600359227 /* CDVideo.swift in Sources */ = {isa = PBXBuildFile; fileRef = 5DF85F3925E1A66600359227 /* CDVideo.swift */; };
		5DF85F3D25E1A67100359227 /* CDAgeRating.swift in Sources */ = {isa = PBXBuildFile; fileRef = 5DF85F3C25E1A67100359227 /* CDAgeRating.swift */; };
		5DF85F4025E1A67F00359227 /* CDFranchise.swift in Sources */ = {isa = PBXBuildFile; fileRef = 5DF85F3F25E1A67F00359227 /* CDFranchise.swift */; };
/* End PBXBuildFile section */

/* Begin PBXFileReference section */
		5D023CDE25E1AFAA003B04CD /* CDGameCollection.swift */ = {isa = PBXFileReference; lastKnownFileType = sourcecode.swift; path = CDGameCollection.swift; sourceTree = "<group>"; };
		5D0AA4D525DBD90A0026543E /* ImageResizer.swift */ = {isa = PBXFileReference; lastKnownFileType = sourcecode.swift; path = ImageResizer.swift; sourceTree = "<group>"; };
		5D0AA4D825DBE7750026543E /* FilterViewController.swift */ = {isa = PBXFileReference; lastKnownFileType = sourcecode.swift; path = FilterViewController.swift; sourceTree = "<group>"; };
		5D33CBF125EE0FE300377372 /* FIFO.swift */ = {isa = PBXFileReference; lastKnownFileType = sourcecode.swift; path = FIFO.swift; sourceTree = "<group>"; };
		5D33CBF425EE10D000377372 /* LinkedList.swift */ = {isa = PBXFileReference; lastKnownFileType = sourcecode.swift; path = LinkedList.swift; sourceTree = "<group>"; };
		5D530EF525D7E44300DF5621 /* w2p.app */ = {isa = PBXFileReference; explicitFileType = wrapper.application; includeInIndex = 0; path = w2p.app; sourceTree = BUILT_PRODUCTS_DIR; };
		5D530EF825D7E44300DF5621 /* AppDelegate.swift */ = {isa = PBXFileReference; lastKnownFileType = sourcecode.swift; path = AppDelegate.swift; sourceTree = "<group>"; };
		5D530EFA25D7E44300DF5621 /* SceneDelegate.swift */ = {isa = PBXFileReference; lastKnownFileType = sourcecode.swift; path = SceneDelegate.swift; sourceTree = "<group>"; };
		5D530EFC25D7E44300DF5621 /* SearchViewController.swift */ = {isa = PBXFileReference; lastKnownFileType = sourcecode.swift; name = SearchViewController.swift; path = ../View/SearchViewController.swift; sourceTree = "<group>"; };
		5D530EFF25D7E44300DF5621 /* Base */ = {isa = PBXFileReference; lastKnownFileType = file.storyboard; name = Base; path = Base.lproj/Main.storyboard; sourceTree = "<group>"; };
		5D530F0125D7E44300DF5621 /* Assets.xcassets */ = {isa = PBXFileReference; lastKnownFileType = folder.assetcatalog; path = Assets.xcassets; sourceTree = "<group>"; };
		5D530F0425D7E44300DF5621 /* Base */ = {isa = PBXFileReference; lastKnownFileType = file.storyboard; name = Base; path = Base.lproj/LaunchScreen.storyboard; sourceTree = "<group>"; };
		5D530F0625D7E44300DF5621 /* Info.plist */ = {isa = PBXFileReference; lastKnownFileType = text.plist.xml; path = Info.plist; sourceTree = "<group>"; };
		5D530F0D25D7E45400DF5621 /* DataLoader.swift */ = {isa = PBXFileReference; fileEncoding = 4; lastKnownFileType = sourcecode.swift; path = DataLoader.swift; sourceTree = "<group>"; };
		5D530F1D25D8067600DF5621 /* RequestFormer.swift */ = {isa = PBXFileReference; lastKnownFileType = sourcecode.swift; path = RequestFormer.swift; sourceTree = "<group>"; };
		5D530F2025D8080100DF5621 /* SearchFilter.swift */ = {isa = PBXFileReference; lastKnownFileType = sourcecode.swift; path = SearchFilter.swift; sourceTree = "<group>"; };
		5D530F2425D80DD500DF5621 /* JsonLoader.swift */ = {isa = PBXFileReference; lastKnownFileType = sourcecode.swift; path = JsonLoader.swift; sourceTree = "<group>"; };
		5D530F2725D8140E00DF5621 /* TabBarController.swift */ = {isa = PBXFileReference; lastKnownFileType = sourcecode.swift; path = TabBarController.swift; sourceTree = "<group>"; };
		5D530F2A25D8144000DF5621 /* FavoritesViewController.swift */ = {isa = PBXFileReference; lastKnownFileType = sourcecode.swift; path = FavoritesViewController.swift; sourceTree = "<group>"; };
		5D530F2D25D8148A00DF5621 /* SettingsViewController.swift */ = {isa = PBXFileReference; lastKnownFileType = sourcecode.swift; path = SettingsViewController.swift; sourceTree = "<group>"; };
		5D530F3225D828A000DF5621 /* GameCardCell.swift */ = {isa = PBXFileReference; lastKnownFileType = sourcecode.swift; path = GameCardCell.swift; sourceTree = "<group>"; };
		5D530F3525D82ECE00DF5621 /* DetailedViewController.swift */ = {isa = PBXFileReference; lastKnownFileType = sourcecode.swift; path = DetailedViewController.swift; sourceTree = "<group>"; };
		5D530F3925D8595200DF5621 /* WaterfallCollectionViewLayout.swift */ = {isa = PBXFileReference; lastKnownFileType = sourcecode.swift; path = WaterfallCollectionViewLayout.swift; sourceTree = "<group>"; };
		5DA6099225E50DA400F7B814 /* LabelFlowView.swift */ = {isa = PBXFileReference; lastKnownFileType = sourcecode.swift; path = LabelFlowView.swift; sourceTree = "<group>"; };
		5DB1EF2125E42EC400E39282 /* RequestFields.swift */ = {isa = PBXFileReference; lastKnownFileType = sourcecode.swift; path = RequestFields.swift; sourceTree = "<group>"; };
		5DB4472E25ED0BE500C1663B /* CustomButton.swift */ = {isa = PBXFileReference; lastKnownFileType = sourcecode.swift; path = CustomButton.swift; sourceTree = "<group>"; };
		5DBC88C025E4E6A30048985E /* Collection+Identifiable+Int.swift */ = {isa = PBXFileReference; lastKnownFileType = sourcecode.swift; path = "Collection+Identifiable+Int.swift"; sourceTree = "<group>"; };
		5DBDC79825E2BAA6003AA46F /* GameAttributeView.swift */ = {isa = PBXFileReference; lastKnownFileType = sourcecode.swift; path = GameAttributeView.swift; sourceTree = "<group>"; };
		5DCCCBB025E908EB007690B9 /* GameBrowserDelegate.swift */ = {isa = PBXFileReference; lastKnownFileType = sourcecode.swift; path = GameBrowserDelegate.swift; sourceTree = "<group>"; };
		5DCCCBB625E90BA4007690B9 /* CellContentView.xib */ = {isa = PBXFileReference; lastKnownFileType = file.xib; path = CellContentView.xib; sourceTree = "<group>"; };
		5DCCCBB925E90D4C007690B9 /* CellContentView.swift */ = {isa = PBXFileReference; lastKnownFileType = sourcecode.swift; path = CellContentView.swift; sourceTree = "<group>"; };
		5DD5EFF425DCE6F8000513BB /* Model.xcdatamodel */ = {isa = PBXFileReference; lastKnownFileType = wrapper.xcdatamodel; path = Model.xcdatamodel; sourceTree = "<group>"; };
		5DDA01AA25DAFBF300FF2C1C /* CacheManager.swift */ = {isa = PBXFileReference; lastKnownFileType = sourcecode.swift; path = CacheManager.swift; sourceTree = "<group>"; };
		5DDA01AD25DAFD7E00FF2C1C /* GameMediaDispatcher.swift */ = {isa = PBXFileReference; lastKnownFileType = sourcecode.swift; path = GameMediaDispatcher.swift; sourceTree = "<group>"; };
		5DDA01B325DB157400FF2C1C /* BinarySearch.swift */ = {isa = PBXFileReference; lastKnownFileType = sourcecode.swift; path = BinarySearch.swift; sourceTree = "<group>"; };
		5DDEC95625E7A39F00D52E86 /* DoubleSlider.swift */ = {isa = PBXFileReference; lastKnownFileType = sourcecode.swift; path = DoubleSlider.swift; sourceTree = "<group>"; };
		5DE071CE25E91FB300526BE8 /* GameBrowserViewController.swift */ = {isa = PBXFileReference; lastKnownFileType = sourcecode.swift; path = GameBrowserViewController.swift; sourceTree = "<group>"; };
		5DE47E0F25E63AA900439FB7 /* CommonButton.xib */ = {isa = PBXFileReference; lastKnownFileType = file.xib; path = CommonButton.xib; sourceTree = "<group>"; };
		5DE47E1225E63B6F00439FB7 /* CommonButton.swift */ = {isa = PBXFileReference; lastKnownFileType = sourcecode.swift; path = CommonButton.swift; sourceTree = "<group>"; };
		5DE47E1525E6402B00439FB7 /* genres.json */ = {isa = PBXFileReference; lastKnownFileType = text.json; path = genres.json; sourceTree = "<group>"; };
		5DE47E1825E6404800439FB7 /* platforms.json */ = {isa = PBXFileReference; lastKnownFileType = text.json; path = platforms.json; sourceTree = "<group>"; };
		5DE47E1B25E640BC00439FB7 /* themes.json */ = {isa = PBXFileReference; lastKnownFileType = text.json; path = themes.json; sourceTree = "<group>"; };
		5DE47E2025E696C900439FB7 /* mainPlatforms.json */ = {isa = PBXFileReference; lastKnownFileType = text.json; path = mainPlatforms.json; sourceTree = "<group>"; };
		5DE8E84E25E16F5A00471078 /* MainModel.swift */ = {isa = PBXFileReference; lastKnownFileType = sourcecode.swift; path = MainModel.swift; sourceTree = "<group>"; };
		5DE9937025E56A08004AB0B1 /* CategoryShowButton.swift */ = {isa = PBXFileReference; lastKnownFileType = sourcecode.swift; path = CategoryShowButton.swift; sourceTree = "<group>"; };
		5DE9937325E575B9004AB0B1 /* CategoryShowButton.xib */ = {isa = PBXFileReference; lastKnownFileType = file.xib; path = CategoryShowButton.xib; sourceTree = "<group>"; };
		5DE9937625E581F7004AB0B1 /* View+.swift */ = {isa = PBXFileReference; lastKnownFileType = sourcecode.swift; path = "View+.swift"; sourceTree = "<group>"; };
		5DEB7B4125EBB19B0087FF67 /* FavoriteGameCardCell.swift */ = {isa = PBXFileReference; lastKnownFileType = sourcecode.swift; path = FavoriteGameCardCell.swift; sourceTree = "<group>"; };
		5DF307BE25E027B10052433C /* ImageBlurrer.swift */ = {isa = PBXFileReference; lastKnownFileType = sourcecode.swift; path = ImageBlurrer.swift; sourceTree = "<group>"; };
		5DF70BD625EF710900B99E31 /* StaticMediaCell.swift */ = {isa = PBXFileReference; lastKnownFileType = sourcecode.swift; path = StaticMediaCell.swift; sourceTree = "<group>"; };
		5DF85F1E25E1A31700359227 /* CDGame.swift */ = {isa = PBXFileReference; lastKnownFileType = sourcecode.swift; path = CDGame.swift; sourceTree = "<group>"; };
		5DF85F2125E1A61900359227 /* CDCover.swift */ = {isa = PBXFileReference; lastKnownFileType = sourcecode.swift; path = CDCover.swift; sourceTree = "<group>"; };
		5DF85F2425E1A62000359227 /* CDGenre.swift */ = {isa = PBXFileReference; lastKnownFileType = sourcecode.swift; path = CDGenre.swift; sourceTree = "<group>"; };
		5DF85F2725E1A63700359227 /* CDTheme.swift */ = {isa = PBXFileReference; lastKnownFileType = sourcecode.swift; path = CDTheme.swift; sourceTree = "<group>"; };
		5DF85F2A25E1A64000359227 /* CDPlatform.swift */ = {isa = PBXFileReference; lastKnownFileType = sourcecode.swift; path = CDPlatform.swift; sourceTree = "<group>"; };
		5DF85F2D25E1A64700359227 /* CDGameMode.swift */ = {isa = PBXFileReference; lastKnownFileType = sourcecode.swift; path = CDGameMode.swift; sourceTree = "<group>"; };
		5DF85F3025E1A64E00359227 /* CDWebsite.swift */ = {isa = PBXFileReference; lastKnownFileType = sourcecode.swift; path = CDWebsite.swift; sourceTree = "<group>"; };
		5DF85F3325E1A65800359227 /* CDArtwork.swift */ = {isa = PBXFileReference; lastKnownFileType = sourcecode.swift; path = CDArtwork.swift; sourceTree = "<group>"; };
		5DF85F3625E1A66000359227 /* CDScreenshot.swift */ = {isa = PBXFileReference; lastKnownFileType = sourcecode.swift; path = CDScreenshot.swift; sourceTree = "<group>"; };
		5DF85F3925E1A66600359227 /* CDVideo.swift */ = {isa = PBXFileReference; lastKnownFileType = sourcecode.swift; path = CDVideo.swift; sourceTree = "<group>"; };
		5DF85F3C25E1A67100359227 /* CDAgeRating.swift */ = {isa = PBXFileReference; lastKnownFileType = sourcecode.swift; path = CDAgeRating.swift; sourceTree = "<group>"; };
		5DF85F3F25E1A67F00359227 /* CDFranchise.swift */ = {isa = PBXFileReference; lastKnownFileType = sourcecode.swift; path = CDFranchise.swift; sourceTree = "<group>"; };
/* End PBXFileReference section */

/* Begin PBXFrameworksBuildPhase section */
		5D530EF225D7E44300DF5621 /* Frameworks */ = {
			isa = PBXFrameworksBuildPhase;
			buildActionMask = 2147483647;
			files = (
			);
			runOnlyForDeploymentPostprocessing = 0;
		};
/* End PBXFrameworksBuildPhase section */

/* Begin PBXGroup section */
		5D33CBF025EE0FBB00377372 /* Algorithms and DS's */ = {
			isa = PBXGroup;
			children = (
				5DDA01B325DB157400FF2C1C /* BinarySearch.swift */,
				5D33CBF125EE0FE300377372 /* FIFO.swift */,
				5D33CBF425EE10D000377372 /* LinkedList.swift */,
			);
			path = "Algorithms and DS's";
			sourceTree = "<group>";
		};
		5D530EEC25D7E44300DF5621 = {
			isa = PBXGroup;
			children = (
				5D530EF725D7E44300DF5621 /* w2p */,
				5D530EF625D7E44300DF5621 /* Products */,
			);
			sourceTree = "<group>";
		};
		5D530EF625D7E44300DF5621 /* Products */ = {
			isa = PBXGroup;
			children = (
				5D530EF525D7E44300DF5621 /* w2p.app */,
			);
			name = Products;
			sourceTree = "<group>";
		};
		5D530EF725D7E44300DF5621 /* w2p */ = {
			isa = PBXGroup;
			children = (
				5D530EF825D7E44300DF5621 /* AppDelegate.swift */,
				5D530EFA25D7E44300DF5621 /* SceneDelegate.swift */,
				5D530F1625D7E47100DF5621 /* Model */,
				5D530F1725D7E47A00DF5621 /* View */,
				5D530F1825D7FC9D00DF5621 /* Controller */,
				5DDA01B225DB156100FF2C1C /* Util */,
				5D530F0625D7E44300DF5621 /* Info.plist */,
				5D530F0125D7E44300DF5621 /* Assets.xcassets */,
			);
			path = w2p;
			sourceTree = "<group>";
		};
		5D530F1625D7E47100DF5621 /* Model */ = {
			isa = PBXGroup;
			children = (
				5DF85F4325E1A6A800359227 /* CDStack */,
				5DE8E84E25E16F5A00471078 /* MainModel.swift */,
				5D530F2025D8080100DF5621 /* SearchFilter.swift */,
				5DDA01AD25DAFD7E00FF2C1C /* GameMediaDispatcher.swift */,
				5D530F1D25D8067600DF5621 /* RequestFormer.swift */,
				5DB1EF2125E42EC400E39282 /* RequestFields.swift */,
				5DDA01AA25DAFBF300FF2C1C /* CacheManager.swift */,
				5D530F0D25D7E45400DF5621 /* DataLoader.swift */,
				5D530F2425D80DD500DF5621 /* JsonLoader.swift */,
			);
			path = Model;
			sourceTree = "<group>";
		};
		5D530F1725D7E47A00DF5621 /* View */ = {
			isa = PBXGroup;
			children = (
				5D530EFE25D7E44300DF5621 /* Main.storyboard */,
				5DE9937325E575B9004AB0B1 /* CategoryShowButton.xib */,
				5DE47E0F25E63AA900439FB7 /* CommonButton.xib */,
				5D530F0325D7E44300DF5621 /* LaunchScreen.storyboard */,
				5DE47E1225E63B6F00439FB7 /* CommonButton.swift */,
				5DB4472E25ED0BE500C1663B /* CustomButton.swift */,
				5DDEC95625E7A39F00D52E86 /* DoubleSlider.swift */,
				5DE9937025E56A08004AB0B1 /* CategoryShowButton.swift */,
				5DBDC79825E2BAA6003AA46F /* GameAttributeView.swift */,
				5DA6099225E50DA400F7B814 /* LabelFlowView.swift */,
				5DCCCBBC25E9143C007690B9 /* Cell */,
			);
			path = View;
			sourceTree = "<group>";
		};
		5D530F1825D7FC9D00DF5621 /* Controller */ = {
			isa = PBXGroup;
			children = (
				5D530EFC25D7E44300DF5621 /* SearchViewController.swift */,
				5D0AA4D825DBE7750026543E /* FilterViewController.swift */,
				5DCCCBB025E908EB007690B9 /* GameBrowserDelegate.swift */,
				5DE071CE25E91FB300526BE8 /* GameBrowserViewController.swift */,
				5D530F3525D82ECE00DF5621 /* DetailedViewController.swift */,
				5D530F2A25D8144000DF5621 /* FavoritesViewController.swift */,
				5D530F2D25D8148A00DF5621 /* SettingsViewController.swift */,
				5D530F2725D8140E00DF5621 /* TabBarController.swift */,
				5D530F3925D8595200DF5621 /* WaterfallCollectionViewLayout.swift */,
			);
			path = Controller;
			sourceTree = "<group>";
		};
		5DCCCBBC25E9143C007690B9 /* Cell */ = {
			isa = PBXGroup;
			children = (
				5DF70BD625EF710900B99E31 /* StaticMediaCell.swift */,
				5DCCCBB625E90BA4007690B9 /* CellContentView.xib */,
				5DCCCBB925E90D4C007690B9 /* CellContentView.swift */,
				5D530F3225D828A000DF5621 /* GameCardCell.swift */,
				5DEB7B4125EBB19B0087FF67 /* FavoriteGameCardCell.swift */,
			);
			name = Cell;
			sourceTree = "<group>";
		};
		5DDA01B225DB156100FF2C1C /* Util */ = {
			isa = PBXGroup;
			children = (
				5D33CBF025EE0FBB00377372 /* Algorithms and DS's */,
				5D0AA4D525DBD90A0026543E /* ImageResizer.swift */,
				5DE47E1825E6404800439FB7 /* platforms.json */,
				5DE47E2025E696C900439FB7 /* mainPlatforms.json */,
				5DE47E1525E6402B00439FB7 /* genres.json */,
				5DE47E1B25E640BC00439FB7 /* themes.json */,
				5DF307BE25E027B10052433C /* ImageBlurrer.swift */,
				5DBC88C025E4E6A30048985E /* Collection+Identifiable+Int.swift */,
				5DE9937625E581F7004AB0B1 /* View+.swift */,
			);
			path = Util;
			sourceTree = "<group>";
		};
		5DF85F4325E1A6A800359227 /* CDStack */ = {
			isa = PBXGroup;
			children = (
				5DF85F1E25E1A31700359227 /* CDGame.swift */,
				5DF85F2125E1A61900359227 /* CDCover.swift */,
				5DF85F2725E1A63700359227 /* CDTheme.swift */,
				5DF85F2425E1A62000359227 /* CDGenre.swift */,
				5DF85F2A25E1A64000359227 /* CDPlatform.swift */,
				5DF85F2D25E1A64700359227 /* CDGameMode.swift */,
				5DF85F3025E1A64E00359227 /* CDWebsite.swift */,
				5DF85F3325E1A65800359227 /* CDArtwork.swift */,
				5DF85F3625E1A66000359227 /* CDScreenshot.swift */,
				5DF85F3925E1A66600359227 /* CDVideo.swift */,
				5DF85F3C25E1A67100359227 /* CDAgeRating.swift */,
				5D023CDE25E1AFAA003B04CD /* CDGameCollection.swift */,
				5DF85F3F25E1A67F00359227 /* CDFranchise.swift */,
				5DD5EFF325DCE6F8000513BB /* Model.xcdatamodeld */,
			);
			path = CDStack;
			sourceTree = "<group>";
		};
/* End PBXGroup section */

/* Begin PBXNativeTarget section */
		5D530EF425D7E44300DF5621 /* w2p */ = {
			isa = PBXNativeTarget;
			buildConfigurationList = 5D530F0925D7E44300DF5621 /* Build configuration list for PBXNativeTarget "w2p" */;
			buildPhases = (
				5D530EF125D7E44300DF5621 /* Sources */,
				5D530EF225D7E44300DF5621 /* Frameworks */,
				5D530EF325D7E44300DF5621 /* Resources */,
			);
			buildRules = (
			);
			dependencies = (
			);
			name = w2p;
			productName = w2p;
			productReference = 5D530EF525D7E44300DF5621 /* w2p.app */;
			productType = "com.apple.product-type.application";
		};
/* End PBXNativeTarget section */

/* Begin PBXProject section */
		5D530EED25D7E44300DF5621 /* Project object */ = {
			isa = PBXProject;
			attributes = {
				LastSwiftUpdateCheck = 1240;
				LastUpgradeCheck = 1240;
				TargetAttributes = {
					5D530EF425D7E44300DF5621 = {
						CreatedOnToolsVersion = 12.4;
					};
				};
			};
			buildConfigurationList = 5D530EF025D7E44300DF5621 /* Build configuration list for PBXProject "w2p" */;
			compatibilityVersion = "Xcode 9.3";
			developmentRegion = en;
			hasScannedForEncodings = 0;
			knownRegions = (
				en,
				Base,
			);
			mainGroup = 5D530EEC25D7E44300DF5621;
			productRefGroup = 5D530EF625D7E44300DF5621 /* Products */;
			projectDirPath = "";
			projectRoot = "";
			targets = (
				5D530EF425D7E44300DF5621 /* w2p */,
			);
		};
/* End PBXProject section */

/* Begin PBXResourcesBuildPhase section */
		5D530EF325D7E44300DF5621 /* Resources */ = {
			isa = PBXResourcesBuildPhase;
			buildActionMask = 2147483647;
			files = (
				5DE47E2125E696C900439FB7 /* mainPlatforms.json in Resources */,
				5DE47E1025E63AA900439FB7 /* CommonButton.xib in Resources */,
				5DCCCBB725E90BA4007690B9 /* CellContentView.xib in Resources */,
				5DE47E1C25E640BC00439FB7 /* themes.json in Resources */,
				5DE47E1925E6404800439FB7 /* platforms.json in Resources */,
				5DE47E1625E6402B00439FB7 /* genres.json in Resources */,
				5D530F0525D7E44300DF5621 /* LaunchScreen.storyboard in Resources */,
				5DE9937425E575B9004AB0B1 /* CategoryShowButton.xib in Resources */,
				5D530F0225D7E44300DF5621 /* Assets.xcassets in Resources */,
				5D530F0025D7E44300DF5621 /* Main.storyboard in Resources */,
			);
			runOnlyForDeploymentPostprocessing = 0;
		};
/* End PBXResourcesBuildPhase section */

/* Begin PBXSourcesBuildPhase section */
		5D530EF125D7E44300DF5621 /* Sources */ = {
			isa = PBXSourcesBuildPhase;
			buildActionMask = 2147483647;
			files = (
				5DF85F2525E1A62000359227 /* CDGenre.swift in Sources */,
				5DF85F1F25E1A31700359227 /* CDGame.swift in Sources */,
				5D530F3625D82ECE00DF5621 /* DetailedViewController.swift in Sources */,
				5DF70BD725EF710900B99E31 /* StaticMediaCell.swift in Sources */,
				5DF85F2B25E1A64000359227 /* CDPlatform.swift in Sources */,
				5D530EFD25D7E44300DF5621 /* SearchViewController.swift in Sources */,
				5DF85F3D25E1A67100359227 /* CDAgeRating.swift in Sources */,
				5DDA01B425DB157400FF2C1C /* BinarySearch.swift in Sources */,
				5D530F2525D80DD500DF5621 /* JsonLoader.swift in Sources */,
				5DBC88C125E4E6A30048985E /* Collection+Identifiable+Int.swift in Sources */,
				5DE9937125E56A08004AB0B1 /* CategoryShowButton.swift in Sources */,
				5DCCCBBA25E90D4C007690B9 /* CellContentView.swift in Sources */,
				5DF307BF25E027B10052433C /* ImageBlurrer.swift in Sources */,
				5DF85F3425E1A65800359227 /* CDArtwork.swift in Sources */,
				5D530F2125D8080100DF5621 /* SearchFilter.swift in Sources */,
				5DF85F3A25E1A66600359227 /* CDVideo.swift in Sources */,
				5D530F2825D8140E00DF5621 /* TabBarController.swift in Sources */,
				5DF85F2E25E1A64700359227 /* CDGameMode.swift in Sources */,
				5D530F1E25D8067600DF5621 /* RequestFormer.swift in Sources */,
				5DE8E84F25E16F5A00471078 /* MainModel.swift in Sources */,
				5D023CDF25E1AFAA003B04CD /* CDGameCollection.swift in Sources */,
				5DE47E1325E63B6F00439FB7 /* CommonButton.swift in Sources */,
				5DD5EFF525DCE6F8000513BB /* Model.xcdatamodeld in Sources */,
				5DBDC79925E2BAA6003AA46F /* GameAttributeView.swift in Sources */,
				5D530F2B25D8144000DF5621 /* FavoritesViewController.swift in Sources */,
				5DB1EF2225E42EC400E39282 /* RequestFields.swift in Sources */,
				5DF85F4025E1A67F00359227 /* CDFranchise.swift in Sources */,
				5DF85F2825E1A63700359227 /* CDTheme.swift in Sources */,
				5D530F3325D828A000DF5621 /* GameCardCell.swift in Sources */,
				5D530EF925D7E44300DF5621 /* AppDelegate.swift in Sources */,
				5D0AA4D625DBD90A0026543E /* ImageResizer.swift in Sources */,
				5DE9937725E581F7004AB0B1 /* View+.swift in Sources */,
				5DDA01AE25DAFD7E00FF2C1C /* GameMediaDispatcher.swift in Sources */,
				5D0AA4D925DBE7750026543E /* FilterViewController.swift in Sources */,
				5DF85F3725E1A66000359227 /* CDScreenshot.swift in Sources */,
				5DA6099325E50DA400F7B814 /* LabelFlowView.swift in Sources */,
				5D530F0E25D7E45400DF5621 /* DataLoader.swift in Sources */,
				5DDA01AB25DAFBF300FF2C1C /* CacheManager.swift in Sources */,
				5D530EFB25D7E44300DF5621 /* SceneDelegate.swift in Sources */,
				5DDEC95725E7A39F00D52E86 /* DoubleSlider.swift in Sources */,
				5DF85F3125E1A64E00359227 /* CDWebsite.swift in Sources */,
				5DF85F2225E1A61900359227 /* CDCover.swift in Sources */,
				5D33CBF525EE10D000377372 /* LinkedList.swift in Sources */,
				5D33CBF225EE0FE300377372 /* FIFO.swift in Sources */,
				5DEB7B4225EBB19B0087FF67 /* FavoriteGameCardCell.swift in Sources */,
				5DCCCBB125E908EB007690B9 /* GameBrowserDelegate.swift in Sources */,
				5DB4472F25ED0BE500C1663B /* CustomButton.swift in Sources */,
				5DE071CF25E91FB300526BE8 /* GameBrowserViewController.swift in Sources */,
				5D530F2E25D8148A00DF5621 /* SettingsViewController.swift in Sources */,
				5D530F3A25D8595200DF5621 /* WaterfallCollectionViewLayout.swift in Sources */,
			);
			runOnlyForDeploymentPostprocessing = 0;
		};
/* End PBXSourcesBuildPhase section */

/* Begin PBXVariantGroup section */
		5D530EFE25D7E44300DF5621 /* Main.storyboard */ = {
			isa = PBXVariantGroup;
			children = (
				5D530EFF25D7E44300DF5621 /* Base */,
			);
			name = Main.storyboard;
			sourceTree = "<group>";
		};
		5D530F0325D7E44300DF5621 /* LaunchScreen.storyboard */ = {
			isa = PBXVariantGroup;
			children = (
				5D530F0425D7E44300DF5621 /* Base */,
			);
			name = LaunchScreen.storyboard;
			sourceTree = "<group>";
		};
/* End PBXVariantGroup section */

/* Begin XCBuildConfiguration section */
		5D530F0725D7E44300DF5621 /* Debug */ = {
			isa = XCBuildConfiguration;
			buildSettings = {
				ALWAYS_SEARCH_USER_PATHS = NO;
				CLANG_ANALYZER_NONNULL = YES;
				CLANG_ANALYZER_NUMBER_OBJECT_CONVERSION = YES_AGGRESSIVE;
				CLANG_CXX_LANGUAGE_STANDARD = "gnu++14";
				CLANG_CXX_LIBRARY = "libc++";
				CLANG_ENABLE_MODULES = YES;
				CLANG_ENABLE_OBJC_ARC = YES;
				CLANG_ENABLE_OBJC_WEAK = YES;
				CLANG_WARN_BLOCK_CAPTURE_AUTORELEASING = YES;
				CLANG_WARN_BOOL_CONVERSION = YES;
				CLANG_WARN_COMMA = YES;
				CLANG_WARN_CONSTANT_CONVERSION = YES;
				CLANG_WARN_DEPRECATED_OBJC_IMPLEMENTATIONS = YES;
				CLANG_WARN_DIRECT_OBJC_ISA_USAGE = YES_ERROR;
				CLANG_WARN_DOCUMENTATION_COMMENTS = YES;
				CLANG_WARN_EMPTY_BODY = YES;
				CLANG_WARN_ENUM_CONVERSION = YES;
				CLANG_WARN_INFINITE_RECURSION = YES;
				CLANG_WARN_INT_CONVERSION = YES;
				CLANG_WARN_NON_LITERAL_NULL_CONVERSION = YES;
				CLANG_WARN_OBJC_IMPLICIT_RETAIN_SELF = YES;
				CLANG_WARN_OBJC_LITERAL_CONVERSION = YES;
				CLANG_WARN_OBJC_ROOT_CLASS = YES_ERROR;
				CLANG_WARN_QUOTED_INCLUDE_IN_FRAMEWORK_HEADER = YES;
				CLANG_WARN_RANGE_LOOP_ANALYSIS = YES;
				CLANG_WARN_STRICT_PROTOTYPES = YES;
				CLANG_WARN_SUSPICIOUS_MOVE = YES;
				CLANG_WARN_UNGUARDED_AVAILABILITY = YES_AGGRESSIVE;
				CLANG_WARN_UNREACHABLE_CODE = YES;
				CLANG_WARN__DUPLICATE_METHOD_MATCH = YES;
				COPY_PHASE_STRIP = NO;
				DEBUG_INFORMATION_FORMAT = dwarf;
				ENABLE_STRICT_OBJC_MSGSEND = YES;
				ENABLE_TESTABILITY = YES;
				GCC_C_LANGUAGE_STANDARD = gnu11;
				GCC_DYNAMIC_NO_PIC = NO;
				GCC_NO_COMMON_BLOCKS = YES;
				GCC_OPTIMIZATION_LEVEL = 0;
				GCC_PREPROCESSOR_DEFINITIONS = (
					"DEBUG=1",
					"$(inherited)",
				);
				GCC_WARN_64_TO_32_BIT_CONVERSION = YES;
				GCC_WARN_ABOUT_RETURN_TYPE = YES_ERROR;
				GCC_WARN_UNDECLARED_SELECTOR = YES;
				GCC_WARN_UNINITIALIZED_AUTOS = YES_AGGRESSIVE;
				GCC_WARN_UNUSED_FUNCTION = YES;
				GCC_WARN_UNUSED_VARIABLE = YES;
				IPHONEOS_DEPLOYMENT_TARGET = 14.4;
				MTL_ENABLE_DEBUG_INFO = INCLUDE_SOURCE;
				MTL_FAST_MATH = YES;
				ONLY_ACTIVE_ARCH = YES;
				SDKROOT = iphoneos;
				SWIFT_ACTIVE_COMPILATION_CONDITIONS = DEBUG;
				SWIFT_OPTIMIZATION_LEVEL = "-Onone";
			};
			name = Debug;
		};
		5D530F0825D7E44300DF5621 /* Release */ = {
			isa = XCBuildConfiguration;
			buildSettings = {
				ALWAYS_SEARCH_USER_PATHS = NO;
				CLANG_ANALYZER_NONNULL = YES;
				CLANG_ANALYZER_NUMBER_OBJECT_CONVERSION = YES_AGGRESSIVE;
				CLANG_CXX_LANGUAGE_STANDARD = "gnu++14";
				CLANG_CXX_LIBRARY = "libc++";
				CLANG_ENABLE_MODULES = YES;
				CLANG_ENABLE_OBJC_ARC = YES;
				CLANG_ENABLE_OBJC_WEAK = YES;
				CLANG_WARN_BLOCK_CAPTURE_AUTORELEASING = YES;
				CLANG_WARN_BOOL_CONVERSION = YES;
				CLANG_WARN_COMMA = YES;
				CLANG_WARN_CONSTANT_CONVERSION = YES;
				CLANG_WARN_DEPRECATED_OBJC_IMPLEMENTATIONS = YES;
				CLANG_WARN_DIRECT_OBJC_ISA_USAGE = YES_ERROR;
				CLANG_WARN_DOCUMENTATION_COMMENTS = YES;
				CLANG_WARN_EMPTY_BODY = YES;
				CLANG_WARN_ENUM_CONVERSION = YES;
				CLANG_WARN_INFINITE_RECURSION = YES;
				CLANG_WARN_INT_CONVERSION = YES;
				CLANG_WARN_NON_LITERAL_NULL_CONVERSION = YES;
				CLANG_WARN_OBJC_IMPLICIT_RETAIN_SELF = YES;
				CLANG_WARN_OBJC_LITERAL_CONVERSION = YES;
				CLANG_WARN_OBJC_ROOT_CLASS = YES_ERROR;
				CLANG_WARN_QUOTED_INCLUDE_IN_FRAMEWORK_HEADER = YES;
				CLANG_WARN_RANGE_LOOP_ANALYSIS = YES;
				CLANG_WARN_STRICT_PROTOTYPES = YES;
				CLANG_WARN_SUSPICIOUS_MOVE = YES;
				CLANG_WARN_UNGUARDED_AVAILABILITY = YES_AGGRESSIVE;
				CLANG_WARN_UNREACHABLE_CODE = YES;
				CLANG_WARN__DUPLICATE_METHOD_MATCH = YES;
				COPY_PHASE_STRIP = NO;
				DEBUG_INFORMATION_FORMAT = "dwarf-with-dsym";
				ENABLE_NS_ASSERTIONS = NO;
				ENABLE_STRICT_OBJC_MSGSEND = YES;
				GCC_C_LANGUAGE_STANDARD = gnu11;
				GCC_NO_COMMON_BLOCKS = YES;
				GCC_WARN_64_TO_32_BIT_CONVERSION = YES;
				GCC_WARN_ABOUT_RETURN_TYPE = YES_ERROR;
				GCC_WARN_UNDECLARED_SELECTOR = YES;
				GCC_WARN_UNINITIALIZED_AUTOS = YES_AGGRESSIVE;
				GCC_WARN_UNUSED_FUNCTION = YES;
				GCC_WARN_UNUSED_VARIABLE = YES;
				IPHONEOS_DEPLOYMENT_TARGET = 14.4;
				MTL_ENABLE_DEBUG_INFO = NO;
				MTL_FAST_MATH = YES;
				SDKROOT = iphoneos;
				SWIFT_COMPILATION_MODE = wholemodule;
				SWIFT_OPTIMIZATION_LEVEL = "-O";
				VALIDATE_PRODUCT = YES;
			};
			name = Release;
		};
		5D530F0A25D7E44300DF5621 /* Debug */ = {
			isa = XCBuildConfiguration;
			buildSettings = {
				ASSETCATALOG_COMPILER_APPICON_NAME = AppIcon;
				ASSETCATALOG_COMPILER_GLOBAL_ACCENT_COLOR_NAME = AccentColor;
				CODE_SIGN_IDENTITY = "Apple Development";
				CODE_SIGN_STYLE = Automatic;
				DEVELOPMENT_TEAM = G9R86P7VXT;
				INFOPLIST_FILE = w2p/Info.plist;
				LD_RUNPATH_SEARCH_PATHS = (
					"$(inherited)",
					"@executable_path/Frameworks",
				);
				PRODUCT_BUNDLE_IDENTIFIER = klyotskin.vasiliy.w2p;
				PRODUCT_NAME = "$(TARGET_NAME)";
				PROVISIONING_PROFILE_SPECIFIER = "";
				SWIFT_VERSION = 5.0;
				TARGETED_DEVICE_FAMILY = "1,2";
			};
			name = Debug;
		};
		5D530F0B25D7E44300DF5621 /* Release */ = {
			isa = XCBuildConfiguration;
			buildSettings = {
				ASSETCATALOG_COMPILER_APPICON_NAME = AppIcon;
				ASSETCATALOG_COMPILER_GLOBAL_ACCENT_COLOR_NAME = AccentColor;
				CODE_SIGN_IDENTITY = "Apple Development";
				CODE_SIGN_STYLE = Automatic;
				DEVELOPMENT_TEAM = G9R86P7VXT;
				INFOPLIST_FILE = w2p/Info.plist;
				LD_RUNPATH_SEARCH_PATHS = (
					"$(inherited)",
					"@executable_path/Frameworks",
				);
				PRODUCT_BUNDLE_IDENTIFIER = klyotskin.vasiliy.w2p;
				PRODUCT_NAME = "$(TARGET_NAME)";
				PROVISIONING_PROFILE_SPECIFIER = "";
				SWIFT_VERSION = 5.0;
				TARGETED_DEVICE_FAMILY = "1,2";
			};
			name = Release;
		};
/* End XCBuildConfiguration section */

/* Begin XCConfigurationList section */
		5D530EF025D7E44300DF5621 /* Build configuration list for PBXProject "w2p" */ = {
			isa = XCConfigurationList;
			buildConfigurations = (
				5D530F0725D7E44300DF5621 /* Debug */,
				5D530F0825D7E44300DF5621 /* Release */,
			);
			defaultConfigurationIsVisible = 0;
			defaultConfigurationName = Release;
		};
		5D530F0925D7E44300DF5621 /* Build configuration list for PBXNativeTarget "w2p" */ = {
			isa = XCConfigurationList;
			buildConfigurations = (
				5D530F0A25D7E44300DF5621 /* Debug */,
				5D530F0B25D7E44300DF5621 /* Release */,
			);
			defaultConfigurationIsVisible = 0;
			defaultConfigurationName = Release;
		};
/* End XCConfigurationList section */

/* Begin XCVersionGroup section */
		5DD5EFF325DCE6F8000513BB /* Model.xcdatamodeld */ = {
			isa = XCVersionGroup;
			children = (
				5DD5EFF425DCE6F8000513BB /* Model.xcdatamodel */,
			);
			currentVersion = 5DD5EFF425DCE6F8000513BB /* Model.xcdatamodel */;
			path = Model.xcdatamodeld;
			sourceTree = "<group>";
			versionGroupType = wrapper.xcdatamodel;
		};
/* End XCVersionGroup section */
	};
	rootObject = 5D530EED25D7E44300DF5621 /* Project object */;
}
